
Microsoft Visual Studio Solution File, Format Version 12.00
# Visual Studio Version 16
VisualStudioVersion = 16.0.28803.352
MinimumVisualStudioVersion = 10.0.40219.1
Project("{FAE04EC0-301F-11D3-BF4B-00C04F79EFBC}") = "01.UniqueUsernames", "01.UniqueUsernames\01.UniqueUsernames.csproj", "{BA6F776F-CC1D-43A0-9B9A-286F60194A5C}"
EndProject
Project("{FAE04EC0-301F-11D3-BF4B-00C04F79EFBC}") = "02.SetsOfElements", "02.SetsOfElements\02.SetsOfElements.csproj", "{AA85D344-989B-4547-87F4-21D443D312DE}"
EndProject
Project("{FAE04EC0-301F-11D3-BF4B-00C04F79EFBC}") = "03.PeriodicTable", "03.PeriodicTable\03.PeriodicTable.csproj", "{8AA13C4B-941A-435F-AAE3-6FF64D497558}"
EndProject
Project("{FAE04EC0-301F-11D3-BF4B-00C04F79EFBC}") = "04.EvenTimes", "04.EvenTimes\04.EvenTimes.csproj", "{4DB4813F-371A-43D4-9E11-1E92DC43C838}"
EndProject
Project("{FAE04EC0-301F-11D3-BF4B-00C04F79EFBC}") = "05.CountSymbols", "05.CountSymbols\05.CountSymbols.csproj", "{77140785-6B12-43BD-80C5-983FC46D9BEB}"
EndProject
Project("{FAE04EC0-301F-11D3-BF4B-00C04F79EFBC}") = "06.Wardrobe", "06.Wardrobe\06.Wardrobe.csproj", "{BF48297F-AE20-4FA3-8521-E5A61C47CFA2}"
EndProject
Project("{FAE04EC0-301F-11D3-BF4B-00C04F79EFBC}") = "07.TheVLogger", "07.TheVLogger\07.TheVLogger.csproj", "{442C87E7-671F-4665-8618-79ACE20D6904}"
EndProject
Project("{FAE04EC0-301F-11D3-BF4B-00C04F79EFBC}") = "08.Ranking", "08.Ranking\08.Ranking.csproj", "{2C354B3A-8DAF-4169-8BA6-02916DC63734}"
EndProject
Global
	GlobalSection(SolutionConfigurationPlatforms) = preSolution
		Debug|Any CPU = Debug|Any CPU
		Release|Any CPU = Release|Any CPU
	EndGlobalSection
	GlobalSection(ProjectConfigurationPlatforms) = postSolution
		{BA6F776F-CC1D-43A0-9B9A-286F60194A5C}.Debug|Any CPU.ActiveCfg = Debug|Any CPU
		{BA6F776F-CC1D-43A0-9B9A-286F60194A5C}.Debug|Any CPU.Build.0 = Debug|Any CPU
		{BA6F776F-CC1D-43A0-9B9A-286F60194A5C}.Release|Any CPU.ActiveCfg = Release|Any CPU
		{BA6F776F-CC1D-43A0-9B9A-286F60194A5C}.Release|Any CPU.Build.0 = Release|Any CPU
		{AA85D344-989B-4547-87F4-21D443D312DE}.Debug|Any CPU.ActiveCfg = Debug|Any CPU
		{AA85D344-989B-4547-87F4-21D443D312DE}.Debug|Any CPU.Build.0 = Debug|Any CPU
		{AA85D344-989B-4547-87F4-21D443D312DE}.Release|Any CPU.ActiveCfg = Release|Any CPU
		{AA85D344-989B-4547-87F4-21D443D312DE}.Release|Any CPU.Build.0 = Release|Any CPU
		{8AA13C4B-941A-435F-AAE3-6FF64D497558}.Debug|Any CPU.ActiveCfg = Debug|Any CPU
		{8AA13C4B-941A-435F-AAE3-6FF64D497558}.Debug|Any CPU.Build.0 = Debug|Any CPU
		{8AA13C4B-941A-435F-AAE3-6FF64D497558}.Release|Any CPU.ActiveCfg = Release|Any CPU
		{8AA13C4B-941A-435F-AAE3-6FF64D497558}.Release|Any CPU.Build.0 = Release|Any CPU
		{4DB4813F-371A-43D4-9E11-1E92DC43C838}.Debug|Any CPU.ActiveCfg = Debug|Any CPU
		{4DB4813F-371A-43D4-9E11-1E92DC43C838}.Debug|Any CPU.Build.0 = Debug|Any CPU
		{4DB4813F-371A-43D4-9E11-1E92DC43C838}.Release|Any CPU.ActiveCfg = Release|Any CPU
		{4DB4813F-371A-43D4-9E11-1E92DC43C838}.Release|Any CPU.Build.0 = Release|Any CPU
		{77140785-6B12-43BD-80C5-983FC46D9BEB}.Debug|Any CPU.ActiveCfg = Debug|Any CPU
		{77140785-6B12-43BD-80C5-983FC46D9BEB}.Debug|Any CPU.Build.0 = Debug|Any CPU
		{77140785-6B12-43BD-80C5-983FC46D9BEB}.Release|Any CPU.ActiveCfg = Release|Any CPU
		{77140785-6B12-43BD-80C5-983FC46D9BEB}.Release|Any CPU.Build.0 = Release|Any CPU
		{BF48297F-AE20-4FA3-8521-E5A61C47CFA2}.Debug|Any CPU.ActiveCfg = Debug|Any CPU
		{BF48297F-AE20-4FA3-8521-E5A61C47CFA2}.Debug|Any CPU.Build.0 = Debug|Any CPU
		{BF48297F-AE20-4FA3-8521-E5A61C47CFA2}.Release|Any CPU.ActiveCfg = Release|Any CPU
		{BF48297F-AE20-4FA3-8521-E5A61C47CFA2}.Release|Any CPU.Build.0 = Release|Any CPU
		{442C87E7-671F-4665-8618-79ACE20D6904}.Debug|Any CPU.ActiveCfg = Debug|Any CPU
		{442C87E7-671F-4665-8618-79ACE20D6904}.Debug|Any CPU.Build.0 = Debug|Any CPU
		{442C87E7-671F-4665-8618-79ACE20D6904}.Release|Any CPU.ActiveCfg = Release|Any CPU
		{442C87E7-671F-4665-8618-79ACE20D6904}.Release|Any CPU.Build.0 = Release|Any CPU
		{2C354B3A-8DAF-4169-8BA6-02916DC63734}.Debug|Any CPU.ActiveCfg = Debug|Any CPU
		{2C354B3A-8DAF-4169-8BA6-02916DC63734}.Debug|Any CPU.Build.0 = Debug|Any CPU
		{2C354B3A-8DAF-4169-8BA6-02916DC63734}.Release|Any CPU.ActiveCfg = Release|Any CPU
		{2C354B3A-8DAF-4169-8BA6-02916DC63734}.Release|Any CPU.Build.0 = Release|Any CPU
	EndGlobalSection
	GlobalSection(SolutionProperties) = preSolution
		HideSolutionNode = FALSE
	EndGlobalSection
	GlobalSection(ExtensibilityGlobals) = postSolution
		SolutionGuid = {C0F7D47D-81BF-4F7A-9D52-BBA657D71C9B}
	EndGlobalSection
EndGlobal
